<?xml version="1.0" encoding="utf-8"?>
<Project ToolsVersion="4.0" xmlns="http://schemas.microsoft.com/developer/msbuild/2003">
  <ItemGroup>
    <ClCompile Include="Animation.cpp">
      <Filter>More</Filter>
    </ClCompile>
    <ClCompile Include="Block.cpp">
      <Filter>Entities\Block</Filter>
    </ClCompile>
    <ClCompile Include="Button.cpp">
      <Filter>Entities\Block</Filter>
    </ClCompile>
    <ClCompile Include="Character.cpp">
      <Filter>Entities\Character</Filter>
    </ClCompile>
    <ClCompile Include="DecorateBlock.cpp">
      <Filter>Entities\Block</Filter>
    </ClCompile>
    <ClCompile Include="Door.cpp">
      <Filter>Entities\Block</Filter>
    </ClCompile>
    <ClCompile Include="Entity.cpp">
      <Filter>Entities</Filter>
    </ClCompile>
    <ClCompile Include="EntityManager.cpp">
      <Filter>Managers</Filter>
    </ClCompile>
    <ClCompile Include="Fenrir.cpp">
      <Filter>Entities\Character</Filter>
    </ClCompile>
    <ClCompile Include="GenerateDoor.cpp">
      <Filter>Generators</Filter>
    </ClCompile>
    <ClCompile Include="ImageManager.cpp">
      <Filter>Managers</Filter>
    </ClCompile>
    <ClCompile Include="Kiba.cpp">
      <Filter>Entities\Character</Filter>
    </ClCompile>
    <ClCompile Include="Lever.cpp">
      <Filter>Entities\Block</Filter>
    </ClCompile>
    <ClCompile Include="Main.cpp">
      <Filter>More</Filter>
    </ClCompile>
    <ClCompile Include="MapGenerator.cpp">
      <Filter>Generators</Filter>
    </ClCompile>
    <ClCompile Include="NormalBlock.cpp">
      <Filter>Entities\Block</Filter>
    </ClCompile>
    <ClCompile Include="Sounds.cpp">
      <Filter>Managers</Filter>
    </ClCompile>
    <ClCompile Include="tinystr.cpp">
      <Filter>Generators</Filter>
    </ClCompile>
    <ClCompile Include="tinyxml.cpp">
      <Filter>Generators</Filter>
    </ClCompile>
    <ClCompile Include="tinyxmlparser.cpp">
      <Filter>Generators</Filter>
    </ClCompile>
    <ClCompile Include="tinyxmlerror.cpp">
      <Filter>Generators</Filter>
    </ClCompile>
    <ClCompile Include="ShottingTrap.cpp">
      <Filter>Entities\Block</Filter>
    </ClCompile>
    <ClCompile Include="Arrow.cpp">
      <Filter>Entities\Object</Filter>
    </ClCompile>
    <ClCompile Include="Sheeka.cpp">
      <Filter>Entities\Character</Filter>
    </ClCompile>
    <ClCompile Include="Object.cpp">
      <Filter>Entities\Object</Filter>
    </ClCompile>
    <ClCompile Include="Charlotte.cpp">
      <Filter>Entities\Character</Filter>
    </ClCompile>
    <ClCompile Include="Shield.cpp">
      <Filter>Entities\Object</Filter>
    </ClCompile>
    <ClCompile Include="FireBall.cpp">
      <Filter>Entities\Object</Filter>
    </ClCompile>
    <ClCompile Include="FireRune.cpp">
      <Filter>Entities\Object</Filter>
    </ClCompile>
    <ClCompile Include="Spiketrap.cpp">
      <Filter>Entities\Object</Filter>
    </ClCompile>
    <ClCompile Include="DarkBinding.cpp">
      <Filter>Entities\Object</Filter>
    </ClCompile>
    <ClCompile Include="FireBall.cpp">
      <Filter>Entities\Object</Filter>
    </ClCompile>
    <ClCompile Include="FireRune.cpp">
      <Filter>Entities\Block</Filter>
    </ClCompile>
    <ClCompile Include="MagicSwitch.cpp">
      <Filter>Entities\Block</Filter>
    </ClCompile>
    <ClCompile Include="Bridge.cpp">
      <Filter>Entities\Block</Filter>
    </ClCompile>
    <ClCompile Include="BigBridge.cpp">
      <Filter>Entities\Block</Filter>
    </ClCompile>
    <ClCompile Include="Stone.cpp">
      <Filter>Entities\Block</Filter>
    </ClCompile>
    <ClCompile Include="Telekinesisbox.cpp">
      <Filter>Entities\Object</Filter>
    </ClCompile>
    <ClCompile Include="SpikeBlock.cpp">
      <Filter>Entities\Block</Filter>
    </ClCompile>
    <ClCompile Include="WoodenWall.cpp">
      <Filter>Entities\Block</Filter>
    </ClCompile>
    <ClCompile Include="Slash.cpp">
      <Filter>Entities\Object</Filter>
    </ClCompile>
  </ItemGroup>
  <ItemGroup>
    <ClInclude Include="Animation.h">
      <Filter>More</Filter>
    </ClInclude>
    <ClInclude Include="Block.h">
      <Filter>Entities\Block</Filter>
    </ClInclude>
    <ClInclude Include="Button.h">
      <Filter>Entities\Block</Filter>
    </ClInclude>
    <ClInclude Include="Character.h">
      <Filter>Entities\Character</Filter>
    </ClInclude>
    <ClInclude Include="DecorateBlock.h">
      <Filter>Entities\Block</Filter>
    </ClInclude>
    <ClInclude Include="Door.h">
      <Filter>Entities\Block</Filter>
    </ClInclude>
    <ClInclude Include="Entity.h">
      <Filter>Entities</Filter>
    </ClInclude>
    <ClInclude Include="EntityManager.h">
      <Filter>Managers</Filter>
    </ClInclude>
    <ClInclude Include="Fenrir.h">
      <Filter>Entities\Character</Filter>
    </ClInclude>
    <ClInclude Include="GenerateDoor.h">
      <Filter>Generators</Filter>
    </ClInclude>
    <ClInclude Include="ImageManager.h">
      <Filter>Managers</Filter>
    </ClInclude>
    <ClInclude Include="Kiba.h">
      <Filter>Entities\Character</Filter>
    </ClInclude>
    <ClInclude Include="Lever.h">
      <Filter>Entities\Block</Filter>
    </ClInclude>
    <ClInclude Include="MapGenerator.h">
      <Filter>Generators</Filter>
    </ClInclude>
    <ClInclude Include="NormalBlock.h">
      <Filter>Entities\Block</Filter>
    </ClInclude>
    <ClInclude Include="Sounds.h">
      <Filter>Managers</Filter>
    </ClInclude>
    <ClInclude Include="tinystr.h">
      <Filter>Generators</Filter>
    </ClInclude>
    <ClInclude Include="tinyxml.h">
      <Filter>Generators</Filter>
    </ClInclude>
    <ClInclude Include="ShottingTrap.h">
      <Filter>Entities\Block</Filter>
    </ClInclude>
    <ClInclude Include="Arrow.h">
      <Filter>Entities\Object</Filter>
    </ClInclude>
    <ClInclude Include="Sheeka.h">
      <Filter>Entities\Character</Filter>
    </ClInclude>
    <ClInclude Include="Object.h">
      <Filter>Entities\Object</Filter>
    </ClInclude>
    <ClInclude Include="Charlotte.h">
      <Filter>Entities\Character</Filter>
    </ClInclude>
    <ClInclude Include="Shield.h">
      <Filter>Entities\Object</Filter>
    </ClInclude>
    <ClInclude Include="FireRune.h">
      <Filter>Entities\Object</Filter>
    </ClInclude>
    <ClInclude Include="FireBall.h">
      <Filter>Entities\Object</Filter>
    </ClInclude>
    <ClInclude Include="Spiketrap.h">
      <Filter>Entities\Object</Filter>
    </ClInclude>
    <ClInclude Include="DarkBinding.h">
      <Filter>Entities\Object</Filter>
    </ClInclude>
    <ClInclude Include="FireBall.h">
      <Filter>Entities\Object</Filter>
    </ClInclude>
    <ClInclude Include="MagicSwitch.h">
      <Filter>Entities\Block</Filter>
    </ClInclude>
    <ClInclude Include="FireRune.h">
      <Filter>Entities\Block</Filter>
    </ClInclude>
    <ClInclude Include="Bridge.h">
      <Filter>Entities\Block</Filter>
    </ClInclude>
    <ClInclude Include="BigBridge.h">
      <Filter>Entities\Block</Filter>
    </ClInclude>
    <ClInclude Include="Stone.h">
      <Filter>Entities\Block</Filter>
    </ClInclude>
    <ClInclude Include="TelekinesisBox.h">
      <Filter>Entities\Object</Filter>
    </ClInclude>
    <ClInclude Include="SpikeBlock.h">
      <Filter>Entities\Block</Filter>
    </ClInclude>
    <ClInclude Include="WoodenWall.h">
      <Filter>Entities\Block</Filter>
    </ClInclude>
    <ClInclude Include="Slash.h">
      <Filter>Entities\Object</Filter>
    </ClInclude>
  </ItemGroup>
  <ItemGroup>
    <Filter Include="Entities">
      <UniqueIdentifier>{34d2cf95-a24e-4c82-9577-5e795a13a560}</UniqueIdentifier>
    </Filter>
    <Filter Include="Entities\Block">
      <UniqueIdentifier>{e0eeef37-be73-45e1-8c80-fa8f3239ea6e}</UniqueIdentifier>
    </Filter>
    <Filter Include="Entities\Character">
      <UniqueIdentifier>{0e93c7d8-c851-4e96-a881-ffd74a369031}</UniqueIdentifier>
    </Filter>
    <Filter Include="Entities\Object">
      <UniqueIdentifier>{360d5a88-e1f8-457c-a873-d11297150b5c}</UniqueIdentifier>
    </Filter>
    <Filter Include="Managers">
      <UniqueIdentifier>{f4012d34-dde7-4d4e-ae12-18ffd8f1b76c}</UniqueIdentifier>
    </Filter>
    <Filter Include="Generators">
      <UniqueIdentifier>{da983ae0-d4ef-45c9-ab32-6ccee9906e97}</UniqueIdentifier>
    </Filter>
    <Filter Include="More">
      <UniqueIdentifier>{bdfabafa-aa0e-49b6-8d9d-38c118166117}</UniqueIdentifier>
    </Filter>
  </ItemGroup>
</Project>